// !$*UTF8*$!
{
	archiveVersion = 1;
	classes = {
	};
	objectVersion = 46;
	objects = {

/* Begin PBXBuildFile section */
		1021B4F51C87DF7D002928C8 /* AppDelegate.swift in Sources */ = {isa = PBXBuildFile; fileRef = 1021B4F41C87DF7D002928C8 /* AppDelegate.swift */; };
		1021B4F71C87DF7D002928C8 /* ViewController.swift in Sources */ = {isa = PBXBuildFile; fileRef = 1021B4F61C87DF7D002928C8 /* ViewController.swift */; };
		1021B4FA1C87DF7D002928C8 /* Main.storyboard in Resources */ = {isa = PBXBuildFile; fileRef = 1021B4F81C87DF7D002928C8 /* Main.storyboard */; };
		1021B4FC1C87DF7D002928C8 /* Assets.xcassets in Resources */ = {isa = PBXBuildFile; fileRef = 1021B4FB1C87DF7D002928C8 /* Assets.xcassets */; };
		1021B4FF1C87DF7D002928C8 /* LaunchScreen.storyboard in Resources */ = {isa = PBXBuildFile; fileRef = 1021B4FD1C87DF7D002928C8 /* LaunchScreen.storyboard */; };
		1021B50A1C87DF7D002928C8 /* CoreGraphicsTests.swift in Sources */ = {isa = PBXBuildFile; fileRef = 1021B5091C87DF7D002928C8 /* CoreGraphicsTests.swift */; };
		1021B5151C87DF7D002928C8 /* CoreGraphicsUITests.swift in Sources */ = {isa = PBXBuildFile; fileRef = 1021B5141C87DF7D002928C8 /* CoreGraphicsUITests.swift */; };
		1021B5231C87DF99002928C8 /* SZView.swift in Sources */ = {isa = PBXBuildFile; fileRef = 1021B5221C87DF99002928C8 /* SZView.swift */; };
/* End PBXBuildFile section */

/* Begin PBXContainerItemProxy section */
		1021B5061C87DF7D002928C8 /* PBXContainerItemProxy */ = {
			isa = PBXContainerItemProxy;
			containerPortal = 1021B4E91C87DF7D002928C8 /* Project object */;
			proxyType = 1;
			remoteGlobalIDString = 1021B4F01C87DF7D002928C8;
			remoteInfo = CoreGraphics;
		};
		1021B5111C87DF7D002928C8 /* PBXContainerItemProxy */ = {
			isa = PBXContainerItemProxy;
			containerPortal = 1021B4E91C87DF7D002928C8 /* Project object */;
			proxyType = 1;
			remoteGlobalIDString = 1021B4F01C87DF7D002928C8;
			remoteInfo = CoreGraphics;
		};
/* End PBXContainerItemProxy section */

/* Begin PBXFileReference section */
		1021B4F11C87DF7D002928C8 /* CoreGraphics.app */ = {isa = PBXFileReference; explicitFileType = wrapper.application; includeInIndex = 0; path = CoreGraphics.app; sourceTree = BUILT_PRODUCTS_DIR; };
		1021B4F41C87DF7D002928C8 /* AppDelegate.swift */ = {isa = PBXFileReference; lastKnownFileType = sourcecode.swift; path = AppDelegate.swift; sourceTree = "<group>"; };
		1021B4F61C87DF7D002928C8 /* ViewController.swift */ = {isa = PBXFileReference; lastKnownFileType = sourcecode.swift; path = ViewController.swift; sourceTree = "<group>"; };
		1021B4F91C87DF7D002928C8 /* Base */ = {isa = PBXFileReference; lastKnownFileType = file.storyboard; name = Base; path = Base.lproj/Main.storyboard; sourceTree = "<group>"; };
		1021B4FB1C87DF7D002928C8 /* Assets.xcassets */ = {isa = PBXFileReference; lastKnownFileType = folder.assetcatalog; path = Assets.xcassets; sourceTree = "<group>"; };
		1021B4FE1C87DF7D002928C8 /* Base */ = {isa = PBXFileReference; lastKnownFileType = file.storyboard; name = Base; path = Base.lproj/LaunchScreen.storyboard; sourceTree = "<group>"; };
		1021B5001C87DF7D002928C8 /* Info.plist */ = {isa = PBXFileReference; lastKnownFileType = text.plist.xml; path = Info.plist; sourceTree = "<group>"; };
		1021B5051C87DF7D002928C8 /* CoreGraphicsTests.xctest */ = {isa = PBXFileReference; explicitFileType = wrapper.cfbundle; includeInIndex = 0; path = CoreGraphicsTests.xctest; sourceTree = BUILT_PRODUCTS_DIR; };
		1021B5091C87DF7D002928C8 /* CoreGraphicsTests.swift */ = {isa = PBXFileReference; lastKnownFileType = sourcecode.swift; path = CoreGraphicsTests.swift; sourceTree = "<group>"; };
		1021B50B1C87DF7D002928C8 /* Info.plist */ = {isa = PBXFileReference; lastKnownFileType = text.plist.xml; path = Info.plist; sourceTree = "<group>"; };
		1021B5101C87DF7D002928C8 /* CoreGraphicsUITests.xctest */ = {isa = PBXFileReference; explicitFileType = wrapper.cfbundle; includeInIndex = 0; path = CoreGraphicsUITests.xctest; sourceTree = BUILT_PRODUCTS_DIR; };
		1021B5141C87DF7D002928C8 /* CoreGraphicsUITests.swift */ = {isa = PBXFileReference; lastKnownFileType = sourcecode.swift; path = CoreGraphicsUITests.swift; sourceTree = "<group>"; };
		1021B5161C87DF7D002928C8 /* Info.plist */ = {isa = PBXFileReference; lastKnownFileType = text.plist.xml; path = Info.plist; sourceTree = "<group>"; };
		1021B5221C87DF99002928C8 /* SZView.swift */ = {isa = PBXFileReference; fileEncoding = 4; lastKnownFileType = sourcecode.swift; path = SZView.swift; sourceTree = "<group>"; };
/* End PBXFileReference section */

/* Begin PBXFrameworksBuildPhase section */
		1021B4EE1C87DF7D002928C8 /* Frameworks */ = {
			isa = PBXFrameworksBuildPhase;
			buildActionMask = 2147483647;
			files = (
			);
			runOnlyForDeploymentPostprocessing = 0;
		};
		1021B5021C87DF7D002928C8 /* Frameworks */ = {
			isa = PBXFrameworksBuildPhase;
			buildActionMask = 2147483647;
			files = (
			);
			runOnlyForDeploymentPostprocessing = 0;
		};
		1021B50D1C87DF7D002928C8 /* Frameworks */ = {
			isa = PBXFrameworksBuildPhase;
			buildActionMask = 2147483647;
			files = (
			);
			runOnlyForDeploymentPostprocessing = 0;
		};
/* End PBXFrameworksBuildPhase section */

/* Begin PBXGroup section */
		1021B4E81C87DF7D002928C8 = {
			isa = PBXGroup;
			children = (
				1021B4F31C87DF7D002928C8 /* CoreGraphics */,
				1021B5081C87DF7D002928C8 /* CoreGraphicsTests */,
				1021B5131C87DF7D002928C8 /* CoreGraphicsUITests */,
				1021B4F21C87DF7D002928C8 /* Products */,
			);
			sourceTree = "<group>";
		};
		1021B4F21C87DF7D002928C8 /* Products */ = {
			isa = PBXGroup;
			children = (
				1021B4F11C87DF7D002928C8 /* CoreGraphics.app */,
				1021B5051C87DF7D002928C8 /* CoreGraphicsTests.xctest */,
				1021B5101C87DF7D002928C8 /* CoreGraphicsUITests.xctest */,
			);
			name = Products;
			sourceTree = "<group>";
		};
		1021B4F31C87DF7D002928C8 /* CoreGraphics */ = {
			isa = PBXGroup;
			children = (
				1021B5221C87DF99002928C8 /* SZView.swift */,
				1021B4F41C87DF7D002928C8 /* AppDelegate.swift */,
				1021B4F61C87DF7D002928C8 /* ViewController.swift */,
				1021B4F81C87DF7D002928C8 /* Main.storyboard */,
				1021B4FB1C87DF7D002928C8 /* Assets.xcassets */,
				1021B4FD1C87DF7D002928C8 /* LaunchScreen.storyboard */,
				1021B5001C87DF7D002928C8 /* Info.plist */,
			);
			path = CoreGraphics;
			sourceTree = "<group>";
		};
		1021B5081C87DF7D002928C8 /* CoreGraphicsTests */ = {
			isa = PBXGroup;
			children = (
				1021B5091C87DF7D002928C8 /* CoreGraphicsTests.swift */,
				1021B50B1C87DF7D002928C8 /* Info.plist */,
			);
			path = CoreGraphicsTests;
			sourceTree = "<group>";
		};
		1021B5131C87DF7D002928C8 /* CoreGraphicsUITests */ = {
			isa = PBXGroup;
			children = (
				1021B5141C87DF7D002928C8 /* CoreGraphicsUITests.swift */,
				1021B5161C87DF7D002928C8 /* Info.plist */,
			);
			path = CoreGraphicsUITests;
			sourceTree = "<group>";
		};
/* End PBXGroup section */

/* Begin PBXNativeTarget section */
		1021B4F01C87DF7D002928C8 /* CoreGraphics */ = {
			isa = PBXNativeTarget;
			buildConfigurationList = 1021B5191C87DF7D002928C8 /* Build configuration list for PBXNativeTarget "CoreGraphics" */;
			buildPhases = (
				1021B4ED1C87DF7D002928C8 /* Sources */,
				1021B4EE1C87DF7D002928C8 /* Frameworks */,
				1021B4EF1C87DF7D002928C8 /* Resources */,
			);
			buildRules = (
			);
			dependencies = (
			);
			name = CoreGraphics;
			productName = CoreGraphics;
			productReference = 1021B4F11C87DF7D002928C8 /* CoreGraphics.app */;
			productType = "com.apple.product-type.application";
		};
		1021B5041C87DF7D002928C8 /* CoreGraphicsTests */ = {
			isa = PBXNativeTarget;
			buildConfigurationList = 1021B51C1C87DF7D002928C8 /* Build configuration list for PBXNativeTarget "CoreGraphicsTests" */;
			buildPhases = (
				1021B5011C87DF7D002928C8 /* Sources */,
				1021B5021C87DF7D002928C8 /* Frameworks */,
				1021B5031C87DF7D002928C8 /* Resources */,
			);
			buildRules = (
			);
			dependencies = (
				1021B5071C87DF7D002928C8 /* PBXTargetDependency */,
			);
			name = CoreGraphicsTests;
			productName = CoreGraphicsTests;
			productReference = 1021B5051C87DF7D002928C8 /* CoreGraphicsTests.xctest */;
			productType = "com.apple.product-type.bundle.unit-test";
		};
		1021B50F1C87DF7D002928C8 /* CoreGraphicsUITests */ = {
			isa = PBXNativeTarget;
			buildConfigurationList = 1021B51F1C87DF7D002928C8 /* Build configuration list for PBXNativeTarget "CoreGraphicsUITests" */;
			buildPhases = (
				1021B50C1C87DF7D002928C8 /* Sources */,
				1021B50D1C87DF7D002928C8 /* Frameworks */,
				1021B50E1C87DF7D002928C8 /* Resources */,
			);
			buildRules = (
			);
			dependencies = (
				1021B5121C87DF7D002928C8 /* PBXTargetDependency */,
			);
			name = CoreGraphicsUITests;
			productName = CoreGraphicsUITests;
			productReference = 1021B5101C87DF7D002928C8 /* CoreGraphicsUITests.xctest */;
			productType = "com.apple.product-type.bundle.ui-testing";
		};
/* End PBXNativeTarget section */

/* Begin PBXProject section */
		1021B4E91C87DF7D002928C8 /* Project object */ = {
			isa = PBXProject;
			attributes = {
				LastSwiftUpdateCheck = 0720;
				LastUpgradeCheck = 0720;
				ORGANIZATIONNAME = Mr.Shan;
				TargetAttributes = {
					1021B4F01C87DF7D002928C8 = {
						CreatedOnToolsVersion = 7.2.1;
					};
					1021B5041C87DF7D002928C8 = {
						CreatedOnToolsVersion = 7.2.1;
						TestTargetID = 1021B4F01C87DF7D002928C8;
					};
					1021B50F1C87DF7D002928C8 = {
						CreatedOnToolsVersion = 7.2.1;
						TestTargetID = 1021B4F01C87DF7D002928C8;
					};
				};
			};
			buildConfigurationList = 1021B4EC1C87DF7D002928C8 /* Build configuration list for PBXProject "CoreGraphics" */;
			compatibilityVersion = "Xcode 3.2";
			developmentRegion = English;
			hasScannedForEncodings = 0;
			knownRegions = (
				en,
				Base,
			);
			mainGroup = 1021B4E81C87DF7D002928C8;
			productRefGroup = 1021B4F21C87DF7D002928C8 /* Products */;
			projectDirPath = "";
			projectRoot = "";
			targets = (
				1021B4F01C87DF7D002928C8 /* CoreGraphics */,
				1021B5041C87DF7D002928C8 /* CoreGraphicsTests */,
				1021B50F1C87DF7D002928C8 /* CoreGraphicsUITests */,
			);
		};
/* End PBXProject section */

/* Begin PBXResourcesBuildPhase section */
		1021B4EF1C87DF7D002928C8 /* Resources */ = {
			isa = PBXResourcesBuildPhase;
			buildActionMask = 2147483647;
			files = (
				1021B4FF1C87DF7D002928C8 /* LaunchScreen.storyboard in Resources */,
				1021B4FC1C87DF7D002928C8 /* Assets.xcassets in Resources */,
				1021B4FA1C87DF7D002928C8 /* Main.storyboard in Resources */,
			);
			runOnlyForDeploymentPostprocessing = 0;
		};
		1021B5031C87DF7D002928C8 /* Resources */ = {
			isa = PBXResourcesBuildPhase;
			buildActionMask = 2147483647;
			files = (
			);
			runOnlyForDeploymentPostprocessing = 0;
		};
		1021B50E1C87DF7D002928C8 /* Resources */ = {
			isa = PBXResourcesBuildPhase;
			buildActionMask = 2147483647;
			files = (
			);
			runOnlyForDeploymentPostprocessing = 0;
		};
/* End PBXResourcesBuildPhase section */

/* Begin PBXSourcesBuildPhase section */
		1021B4ED1C87DF7D002928C8 /* Sources */ = {
			isa = PBXSourcesBuildPhase;
			buildActionMask = 2147483647;
			files = (
				1021B4F71C87DF7D002928C8 /* ViewController.swift in Sources */,
				1021B4F51C87DF7D002928C8 /* AppDelegate.swift in Sources */,
				1021B5231C87DF99002928C8 /* SZView.swift in Sources */,
			);
			runOnlyForDeploymentPostprocessing = 0;
		};
		1021B5011C87DF7D002928C8 /* Sources */ = {
			isa = PBXSourcesBuildPhase;
			buildActionMask = 2147483647;
			files = (
				1021B50A1C87DF7D002928C8 /* CoreGraphicsTests.swift in Sources */,
			);
			runOnlyForDeploymentPostprocessing = 0;
		};
		1021B50C1C87DF7D002928C8 /* Sources */ = {
			isa = PBXSourcesBuildPhase;
			buildActionMask = 2147483647;
			files = (
				1021B5151C87DF7D002928C8 /* CoreGraphicsUITests.swift in Sources */,
			);
			runOnlyForDeploymentPostprocessing = 0;
		};
/* End PBXSourcesBuildPhase section */

/* Begin PBXTargetDependency section */
		1021B5071C87DF7D002928C8 /* PBXTargetDependency */ = {
			isa = PBXTargetDependency;
			target = 1021B4F01C87DF7D002928C8 /* CoreGraphics */;
			targetProxy = 1021B5061C87DF7D002928C8 /* PBXContainerItemProxy */;
		};
		1021B5121C87DF7D002928C8 /* PBXTargetDependency */ = {
			isa = PBXTargetDependency;
			target = 1021B4F01C87DF7D002928C8 /* CoreGraphics */;
			targetProxy = 1021B5111C87DF7D002928C8 /* PBXContainerItemProxy */;
		};
/* End PBXTargetDependency section */

/* Begin PBXVariantGroup section */
		1021B4F81C87DF7D002928C8 /* Main.storyboard */ = {
			isa = PBXVariantGroup;
			children = (
				1021B4F91C87DF7D002928C8 /* Base */,
			);
			name = Main.storyboard;
			sourceTree = "<group>";
		};
		1021B4FD1C87DF7D002928C8 /* LaunchScreen.storyboard */ = {
			isa = PBXVariantGroup;
			children = (
				1021B4FE1C87DF7D002928C8 /* Base */,
			);
			name = LaunchScreen.storyboard;
			sourceTree = "<group>";
		};
/* End PBXVariantGroup section */

/* Begin XCBuildConfiguration section */
		1021B5171C87DF7D002928C8 /* Debug */ = {
			isa = XCBuildConfiguration;
			buildSettings = {
				ALWAYS_SEARCH_USER_PATHS = NO;
				CLANG_CXX_LANGUAGE_STANDARD = "gnu++0x";
				CLANG_CXX_LIBRARY = "libc++";
				CLANG_ENABLE_MODULES = YES;
				CLANG_ENABLE_OBJC_ARC = YES;
				CLANG_WARN_BOOL_CONVERSION = YES;
				CLANG_WARN_CONSTANT_CONVERSION = YES;
				CLANG_WARN_DIRECT_OBJC_ISA_USAGE = YES_ERROR;
				CLANG_WARN_EMPTY_BODY = YES;
				CLANG_WARN_ENUM_CONVERSION = YES;
				CLANG_WARN_INT_CONVERSION = YES;
				CLANG_WARN_OBJC_ROOT_CLASS = YES_ERROR;
				CLANG_WARN_UNREACHABLE_CODE = YES;
				CLANG_WARN__DUPLICATE_METHOD_MATCH = YES;
				"CODE_SIGN_IDENTITY[sdk=iphoneos*]" = "iPhone Developer";
				COPY_PHASE_STRIP = NO;
				DEBUG_INFORMATION_FORMAT = dwarf;
				ENABLE_STRICT_OBJC_MSGSEND = YES;
				ENABLE_TESTABILITY = YES;
				GCC_C_LANGUAGE_STANDARD = gnu99;
				GCC_DYNAMIC_NO_PIC = NO;
				GCC_NO_COMMON_BLOCKS = YES;
				GCC_OPTIMIZATION_LEVEL = 0;
				GCC_PREPROCESSOR_DEFINITIONS = (
					"DEBUG=1",
					"$(inherited)",
				);
				GCC_WARN_64_TO_32_BIT_CONVERSION = YES;
				GCC_WARN_ABOUT_RETURN_TYPE = YES_ERROR;
				GCC_WARN_UNDECLARED_SELECTOR = YES;
				GCC_WARN_UNINITIALIZED_AUTOS = YES_AGGRESSIVE;
				GCC_WARN_UNUSED_FUNCTION = YES;
				GCC_WARN_UNUSED_VARIABLE = YES;
				IPHONEOS_DEPLOYMENT_TARGET = 9.2;
				MTL_ENABLE_DEBUG_INFO = YES;
				ONLY_ACTIVE_ARCH = YES;
				SDKROOT = iphoneos;
				SWIFT_OPTIMIZATION_LEVEL = "-Onone";
			};
			name = Debug;
		};
		1021B5181C87DF7D002928C8 /* Release */ = {
			isa = XCBuildConfiguration;
			buildSettings = {
				ALWAYS_SEARCH_USER_PATHS = NO;
				CLANG_CXX_LANGUAGE_STANDARD = "gnu++0x";
				CLANG_CXX_LIBRARY = "libc++";
				CLANG_ENABLE_MODULES = YES;
				CLANG_ENABLE_OBJC_ARC = YES;
				CLANG_WARN_BOOL_CONVERSION = YES;
				CLANG_WARN_CONSTANT_CONVERSION = YES;
				CLANG_WARN_DIRECT_OBJC_ISA_USAGE = YES_ERROR;
				CLANG_WARN_EMPTY_BODY = YES;
				CLANG_WARN_ENUM_CONVERSION = YES;
				CLANG_WARN_INT_CONVERSION = YES;
				CLANG_WARN_OBJC_ROOT_CLASS = YES_ERROR;
				CLANG_WARN_UNREACHABLE_CODE = YES;
				CLANG_WARN__DUPLICATE_METHOD_MATCH = YES;
				"CODE_SIGN_IDENTITY[sdk=iphoneos*]" = "iPhone Developer";
				COPY_PHASE_STRIP = NO;
				DEBUG_INFORMATION_FORMAT = "dwarf-with-dsym";
				ENABLE_NS_ASSERTIONS = NO;
				ENABLE_STRICT_OBJC_MSGSEND = YES;
				GCC_C_LANGUAGE_STANDARD = gnu99;
				GCC_NO_COMMON_BLOCKS = YES;
				GCC_WARN_64_TO_32_BIT_CONVERSION = YES;
				GCC_WARN_ABOUT_RETURN_TYPE = YES_ERROR;
				GCC_WARN_UNDECLARED_SELECTOR = YES;
				GCC_WARN_UNINITIALIZED_AUTOS = YES_AGGRESSIVE;
				GCC_WARN_UNUSED_FUNCTION = YES;
				GCC_WARN_UNUSED_VARIABLE = YES;
				IPHONEOS_DEPLOYMENT_TARGET = 9.2;
				MTL_ENABLE_DEBUG_INFO = NO;
				SDKROOT = iphoneos;
				VALIDATE_PRODUCT = YES;
			};
			name = Release;
		};
		1021B51A1C87DF7D002928C8 /* Debug */ = {
			isa = XCBuildConfiguration;
			buildSettings = {
				ASSETCATALOG_COMPILER_APPICON_NAME = AppIcon;
				INFOPLIST_FILE = CoreGraphics/Info.plist;
				IPHONEOS_DEPLOYMENT_TARGET = 7.0;
				LD_RUNPATH_SEARCH_PATHS = "$(inherited) @executable_path/Frameworks";
				PRODUCT_BUNDLE_IDENTIFIER = com.iphone.CoreGraphics;
				PRODUCT_NAME = "$(TARGET_NAME)";
			};
			name = Debug;
		};
		1021B51B1C87DF7D002928C8 /* Release */ = {
			isa = XCBuildConfiguration;
			buildSettings = {
				ASSETCATALOG_COMPILER_APPICON_NAME = AppIcon;
				INFOPLIST_FILE = CoreGraphics/Info.plist;
				IPHONEOS_DEPLOYMENT_TARGET = 7.0;
				LD_RUNPATH_SEARCH_PATHS = "$(inherited) @executable_path/Frameworks";
				PRODUCT_BUNDLE_IDENTIFIER = com.iphone.CoreGraphics;
				PRODUCT_NAME = "$(TARGET_NAME)";
			};
			name = Release;
		};
		1021B51D1C87DF7D002928C8 /* Debug */ = {
			isa = XCBuildConfiguration;
			buildSettings = {
				BUNDLE_LOADER = "$(TEST_HOST)";
				INFOPLIST_FILE = CoreGraphicsTests/Info.plist;
				LD_RUNPATH_SEARCH_PATHS = "$(inherited) @executable_path/Frameworks @loader_path/Frameworks";
				PRODUCT_BUNDLE_IDENTIFIER = com.iphone.CoreGraphicsTests;
				PRODUCT_NAME = "$(TARGET_NAME)";
				TEST_HOST = "$(BUILT_PRODUCTS_DIR)/CoreGraphics.app/CoreGraphics";
			};
			name = Debug;
		};
		1021B51E1C87DF7D002928C8 /* Release */ = {
			isa = XCBuildConfiguration;
			buildSettings = {
				BUNDLE_LOADER = "$(TEST_HOST)";
				INFOPLIST_FILE = CoreGraphicsTests/Info.plist;
				LD_RUNPATH_SEARCH_PATHS = "$(inherited) @executable_path/Frameworks @loader_path/Frameworks";
				PRODUCT_BUNDLE_IDENTIFIER = com.iphone.CoreGraphicsTests;
				PRODUCT_NAME = "$(TARGET_NAME)";
				TEST_HOST = "$(BUILT_PRODUCTS_DIR)/CoreGraphics.app/CoreGraphics";
			};
			name = Release;
		};
		1021B5201C87DF7D002928C8 /* Debug */ = {
			isa = XCBuildConfiguration;
			buildSettings = {
				INFOPLIST_FILE = CoreGraphicsUITests/Info.plist;
				LD_RUNPATH_SEARCH_PATHS = "$(inherited) @executable_path/Frameworks @loader_path/Frameworks";
				PRODUCT_BUNDLE_IDENTIFIER = com.iphone.CoreGraphicsUITests;
				PRODUCT_NAME = "$(TARGET_NAME)";
				TEST_TARGET_NAME = CoreGraphics;
				USES_XCTRUNNER = YES;
			};
			name = Debug;
		};
		1021B5211C87DF7D002928C8 /* Release */ = {
			isa = XCBuildConfiguration;
			buildSettings = {
				INFOPLIST_FILE = CoreGraphicsUITests/Info.plist;
				LD_RUNPATH_SEARCH_PATHS = "$(inherited) @executable_path/Frameworks @loader_path/Frameworks";
				PRODUCT_BUNDLE_IDENTIFIER = com.iphone.CoreGraphicsUITests;
				PRODUCT_NAME = "$(TARGET_NAME)";
				TEST_TARGET_NAME = CoreGraphics;
				USES_XCTRUNNER = YES;
			};
			name = Release;
		};
/* End XCBuildConfiguration section */

/* Begin XCConfigurationList section */
		1021B4EC1C87DF7D002928C8 /* Build configuration list for PBXProject "CoreGraphics" */ = {
			isa = XCConfigurationList;
			buildConfigurations = (
				1021B5171C87DF7D002928C8 /* Debug */,
				1021B5181C87DF7D002928C8 /* Release */,
			);
			defaultConfigurationIsVisible = 0;
			defaultConfigurationName = Release;
		};
		1021B5191C87DF7D002928C8 /* Build configuration list for PBXNativeTarget "CoreGraphics" */ = {
			isa = XCConfigurationList;
			buildConfigurations = (
				1021B51A1C87DF7D002928C8 /* Debug */,
				1021B51B1C87DF7D002928C8 /* Release */,
			);
			defaultConfigurationIsVisible = 0;
		};
		1021B51C1C87DF7D002928C8 /* Build configuration list for PBXNativeTarget "CoreGraphicsTests" */ = {
			isa = XCConfigurationList;
			buildConfigurations = (
				1021B51D1C87DF7D002928C8 /* Debug */,
				1021B51E1C87DF7D002928C8 /* Release */,
			);
			defaultConfigurationIsVisible = 0;
		};
		1021B51F1C87DF7D002928C8 /* Build configuration list for PBXNativeTarget "CoreGraphicsUITests" */ = {
			isa = XCConfigurationList;
			buildConfigurations = (
				1021B5201C87DF7D002928C8 /* Debug */,
				1021B5211C87DF7D002928C8 /* Release */,
			);
			defaultConfigurationIsVisible = 0;
		};
/* End XCConfigurationList section */
	};
	rootObject = 1021B4E91C87DF7D002928C8 /* Project object */;
}
