// !$*UTF8*$!
{
	archiveVersion = 1;
	classes = {
	};
	objectVersion = 46;
	objects = {

/* Begin PBXBuildFile section */
		1027F7A81CEC09B800D6002A /* AppDelegate.swift in Sources */ = {isa = PBXBuildFile; fileRef = 1027F7A71CEC09B800D6002A /* AppDelegate.swift */; };
		1027F7AA1CEC09B800D6002A /* ViewController.swift in Sources */ = {isa = PBXBuildFile; fileRef = 1027F7A91CEC09B800D6002A /* ViewController.swift */; };
		1027F7AD1CEC09B800D6002A /* Main.storyboard in Resources */ = {isa = PBXBuildFile; fileRef = 1027F7AB1CEC09B800D6002A /* Main.storyboard */; };
		1027F7AF1CEC09B800D6002A /* Assets.xcassets in Resources */ = {isa = PBXBuildFile; fileRef = 1027F7AE1CEC09B800D6002A /* Assets.xcassets */; };
		1027F7B21CEC09B800D6002A /* LaunchScreen.storyboard in Resources */ = {isa = PBXBuildFile; fileRef = 1027F7B01CEC09B800D6002A /* LaunchScreen.storyboard */; };
		1027F7BD1CEC09B800D6002A /* Day003_SWAlterViewTests.swift in Sources */ = {isa = PBXBuildFile; fileRef = 1027F7BC1CEC09B800D6002A /* Day003_SWAlterViewTests.swift */; };
		1027F7C81CEC09B800D6002A /* Day003_SWAlterViewUITests.swift in Sources */ = {isa = PBXBuildFile; fileRef = 1027F7C71CEC09B800D6002A /* Day003_SWAlterViewUITests.swift */; };
		1027F7D81CEC1A9B00D6002A /* PopViewController.swift in Sources */ = {isa = PBXBuildFile; fileRef = 1027F7D71CEC1A9B00D6002A /* PopViewController.swift */; };
/* End PBXBuildFile section */

/* Begin PBXContainerItemProxy section */
		1027F7B91CEC09B800D6002A /* PBXContainerItemProxy */ = {
			isa = PBXContainerItemProxy;
			containerPortal = 1027F79C1CEC09B800D6002A /* Project object */;
			proxyType = 1;
			remoteGlobalIDString = 1027F7A31CEC09B800D6002A;
			remoteInfo = "Day003-SWAlterView";
		};
		1027F7C41CEC09B800D6002A /* PBXContainerItemProxy */ = {
			isa = PBXContainerItemProxy;
			containerPortal = 1027F79C1CEC09B800D6002A /* Project object */;
			proxyType = 1;
			remoteGlobalIDString = 1027F7A31CEC09B800D6002A;
			remoteInfo = "Day003-SWAlterView";
		};
/* End PBXContainerItemProxy section */

/* Begin PBXFileReference section */
		1027F7A41CEC09B800D6002A /* Day003-SWAlterView.app */ = {isa = PBXFileReference; explicitFileType = wrapper.application; includeInIndex = 0; path = "Day003-SWAlterView.app"; sourceTree = BUILT_PRODUCTS_DIR; };
		1027F7A71CEC09B800D6002A /* AppDelegate.swift */ = {isa = PBXFileReference; lastKnownFileType = sourcecode.swift; path = AppDelegate.swift; sourceTree = "<group>"; };
		1027F7A91CEC09B800D6002A /* ViewController.swift */ = {isa = PBXFileReference; lastKnownFileType = sourcecode.swift; path = ViewController.swift; sourceTree = "<group>"; };
		1027F7AC1CEC09B800D6002A /* Base */ = {isa = PBXFileReference; lastKnownFileType = file.storyboard; name = Base; path = Base.lproj/Main.storyboard; sourceTree = "<group>"; };
		1027F7AE1CEC09B800D6002A /* Assets.xcassets */ = {isa = PBXFileReference; lastKnownFileType = folder.assetcatalog; path = Assets.xcassets; sourceTree = "<group>"; };
		1027F7B11CEC09B800D6002A /* Base */ = {isa = PBXFileReference; lastKnownFileType = file.storyboard; name = Base; path = Base.lproj/LaunchScreen.storyboard; sourceTree = "<group>"; };
		1027F7B31CEC09B800D6002A /* Info.plist */ = {isa = PBXFileReference; lastKnownFileType = text.plist.xml; path = Info.plist; sourceTree = "<group>"; };
		1027F7B81CEC09B800D6002A /* Day003-SWAlterViewTests.xctest */ = {isa = PBXFileReference; explicitFileType = wrapper.cfbundle; includeInIndex = 0; path = "Day003-SWAlterViewTests.xctest"; sourceTree = BUILT_PRODUCTS_DIR; };
		1027F7BC1CEC09B800D6002A /* Day003_SWAlterViewTests.swift */ = {isa = PBXFileReference; lastKnownFileType = sourcecode.swift; path = Day003_SWAlterViewTests.swift; sourceTree = "<group>"; };
		1027F7BE1CEC09B800D6002A /* Info.plist */ = {isa = PBXFileReference; lastKnownFileType = text.plist.xml; path = Info.plist; sourceTree = "<group>"; };
		1027F7C31CEC09B800D6002A /* Day003-SWAlterViewUITests.xctest */ = {isa = PBXFileReference; explicitFileType = wrapper.cfbundle; includeInIndex = 0; path = "Day003-SWAlterViewUITests.xctest"; sourceTree = BUILT_PRODUCTS_DIR; };
		1027F7C71CEC09B800D6002A /* Day003_SWAlterViewUITests.swift */ = {isa = PBXFileReference; lastKnownFileType = sourcecode.swift; path = Day003_SWAlterViewUITests.swift; sourceTree = "<group>"; };
		1027F7C91CEC09B800D6002A /* Info.plist */ = {isa = PBXFileReference; lastKnownFileType = text.plist.xml; path = Info.plist; sourceTree = "<group>"; };
		1027F7D71CEC1A9B00D6002A /* PopViewController.swift */ = {isa = PBXFileReference; fileEncoding = 4; lastKnownFileType = sourcecode.swift; path = PopViewController.swift; sourceTree = "<group>"; };
/* End PBXFileReference section */

/* Begin PBXFrameworksBuildPhase section */
		1027F7A11CEC09B800D6002A /* Frameworks */ = {
			isa = PBXFrameworksBuildPhase;
			buildActionMask = 2147483647;
			files = (
			);
			runOnlyForDeploymentPostprocessing = 0;
		};
		1027F7B51CEC09B800D6002A /* Frameworks */ = {
			isa = PBXFrameworksBuildPhase;
			buildActionMask = 2147483647;
			files = (
			);
			runOnlyForDeploymentPostprocessing = 0;
		};
		1027F7C01CEC09B800D6002A /* Frameworks */ = {
			isa = PBXFrameworksBuildPhase;
			buildActionMask = 2147483647;
			files = (
			);
			runOnlyForDeploymentPostprocessing = 0;
		};
/* End PBXFrameworksBuildPhase section */

/* Begin PBXGroup section */
		1027F79B1CEC09B800D6002A = {
			isa = PBXGroup;
			children = (
				1027F7A61CEC09B800D6002A /* Day003-SWAlterView */,
				1027F7BB1CEC09B800D6002A /* Day003-SWAlterViewTests */,
				1027F7C61CEC09B800D6002A /* Day003-SWAlterViewUITests */,
				1027F7A51CEC09B800D6002A /* Products */,
			);
			sourceTree = "<group>";
		};
		1027F7A51CEC09B800D6002A /* Products */ = {
			isa = PBXGroup;
			children = (
				1027F7A41CEC09B800D6002A /* Day003-SWAlterView.app */,
				1027F7B81CEC09B800D6002A /* Day003-SWAlterViewTests.xctest */,
				1027F7C31CEC09B800D6002A /* Day003-SWAlterViewUITests.xctest */,
			);
			name = Products;
			sourceTree = "<group>";
		};
		1027F7A61CEC09B800D6002A /* Day003-SWAlterView */ = {
			isa = PBXGroup;
			children = (
				1027F7A71CEC09B800D6002A /* AppDelegate.swift */,
				1027F7A91CEC09B800D6002A /* ViewController.swift */,
				1027F7D71CEC1A9B00D6002A /* PopViewController.swift */,
				1027F7AB1CEC09B800D6002A /* Main.storyboard */,
				1027F7AE1CEC09B800D6002A /* Assets.xcassets */,
				1027F7B01CEC09B800D6002A /* LaunchScreen.storyboard */,
				1027F7B31CEC09B800D6002A /* Info.plist */,
			);
			path = "Day003-SWAlterView";
			sourceTree = "<group>";
		};
		1027F7BB1CEC09B800D6002A /* Day003-SWAlterViewTests */ = {
			isa = PBXGroup;
			children = (
				1027F7BC1CEC09B800D6002A /* Day003_SWAlterViewTests.swift */,
				1027F7BE1CEC09B800D6002A /* Info.plist */,
			);
			path = "Day003-SWAlterViewTests";
			sourceTree = "<group>";
		};
		1027F7C61CEC09B800D6002A /* Day003-SWAlterViewUITests */ = {
			isa = PBXGroup;
			children = (
				1027F7C71CEC09B800D6002A /* Day003_SWAlterViewUITests.swift */,
				1027F7C91CEC09B800D6002A /* Info.plist */,
			);
			path = "Day003-SWAlterViewUITests";
			sourceTree = "<group>";
		};
/* End PBXGroup section */

/* Begin PBXNativeTarget section */
		1027F7A31CEC09B800D6002A /* Day003-SWAlterView */ = {
			isa = PBXNativeTarget;
			buildConfigurationList = 1027F7CC1CEC09B800D6002A /* Build configuration list for PBXNativeTarget "Day003-SWAlterView" */;
			buildPhases = (
				1027F7A01CEC09B800D6002A /* Sources */,
				1027F7A11CEC09B800D6002A /* Frameworks */,
				1027F7A21CEC09B800D6002A /* Resources */,
			);
			buildRules = (
			);
			dependencies = (
			);
			name = "Day003-SWAlterView";
			productName = "Day003-SWAlterView";
			productReference = 1027F7A41CEC09B800D6002A /* Day003-SWAlterView.app */;
			productType = "com.apple.product-type.application";
		};
		1027F7B71CEC09B800D6002A /* Day003-SWAlterViewTests */ = {
			isa = PBXNativeTarget;
			buildConfigurationList = 1027F7CF1CEC09B800D6002A /* Build configuration list for PBXNativeTarget "Day003-SWAlterViewTests" */;
			buildPhases = (
				1027F7B41CEC09B800D6002A /* Sources */,
				1027F7B51CEC09B800D6002A /* Frameworks */,
				1027F7B61CEC09B800D6002A /* Resources */,
			);
			buildRules = (
			);
			dependencies = (
				1027F7BA1CEC09B800D6002A /* PBXTargetDependency */,
			);
			name = "Day003-SWAlterViewTests";
			productName = "Day003-SWAlterViewTests";
			productReference = 1027F7B81CEC09B800D6002A /* Day003-SWAlterViewTests.xctest */;
			productType = "com.apple.product-type.bundle.unit-test";
		};
		1027F7C21CEC09B800D6002A /* Day003-SWAlterViewUITests */ = {
			isa = PBXNativeTarget;
			buildConfigurationList = 1027F7D21CEC09B800D6002A /* Build configuration list for PBXNativeTarget "Day003-SWAlterViewUITests" */;
			buildPhases = (
				1027F7BF1CEC09B800D6002A /* Sources */,
				1027F7C01CEC09B800D6002A /* Frameworks */,
				1027F7C11CEC09B800D6002A /* Resources */,
			);
			buildRules = (
			);
			dependencies = (
				1027F7C51CEC09B800D6002A /* PBXTargetDependency */,
			);
			name = "Day003-SWAlterViewUITests";
			productName = "Day003-SWAlterViewUITests";
			productReference = 1027F7C31CEC09B800D6002A /* Day003-SWAlterViewUITests.xctest */;
			productType = "com.apple.product-type.bundle.ui-testing";
		};
/* End PBXNativeTarget section */

/* Begin PBXProject section */
		1027F79C1CEC09B800D6002A /* Project object */ = {
			isa = PBXProject;
			attributes = {
				LastSwiftUpdateCheck = 0730;
				LastUpgradeCheck = 0730;
				ORGANIZATIONNAME = Mr.Shan;
				TargetAttributes = {
					1027F7A31CEC09B800D6002A = {
						CreatedOnToolsVersion = 7.3;
						DevelopmentTeam = Y8Q7E6X5L2;
						LastSwiftMigration = 0800;
						SystemCapabilities = {
							com.apple.BackgroundModes = {
								enabled = 1;
							};
							com.apple.Push = {
								enabled = 1;
							};
						};
					};
					1027F7B71CEC09B800D6002A = {
						CreatedOnToolsVersion = 7.3;
						LastSwiftMigration = 0800;
						TestTargetID = 1027F7A31CEC09B800D6002A;
					};
					1027F7C21CEC09B800D6002A = {
						CreatedOnToolsVersion = 7.3;
						LastSwiftMigration = 0800;
						TestTargetID = 1027F7A31CEC09B800D6002A;
					};
				};
			};
			buildConfigurationList = 1027F79F1CEC09B800D6002A /* Build configuration list for PBXProject "Day003-SWAlterView" */;
			compatibilityVersion = "Xcode 3.2";
			developmentRegion = English;
			hasScannedForEncodings = 0;
			knownRegions = (
				en,
				Base,
			);
			mainGroup = 1027F79B1CEC09B800D6002A;
			productRefGroup = 1027F7A51CEC09B800D6002A /* Products */;
			projectDirPath = "";
			projectRoot = "";
			targets = (
				1027F7A31CEC09B800D6002A /* Day003-SWAlterView */,
				1027F7B71CEC09B800D6002A /* Day003-SWAlterViewTests */,
				1027F7C21CEC09B800D6002A /* Day003-SWAlterViewUITests */,
			);
		};
/* End PBXProject section */

/* Begin PBXResourcesBuildPhase section */
		1027F7A21CEC09B800D6002A /* Resources */ = {
			isa = PBXResourcesBuildPhase;
			buildActionMask = 2147483647;
			files = (
				1027F7B21CEC09B800D6002A /* LaunchScreen.storyboard in Resources */,
				1027F7AF1CEC09B800D6002A /* Assets.xcassets in Resources */,
				1027F7AD1CEC09B800D6002A /* Main.storyboard in Resources */,
			);
			runOnlyForDeploymentPostprocessing = 0;
		};
		1027F7B61CEC09B800D6002A /* Resources */ = {
			isa = PBXResourcesBuildPhase;
			buildActionMask = 2147483647;
			files = (
			);
			runOnlyForDeploymentPostprocessing = 0;
		};
		1027F7C11CEC09B800D6002A /* Resources */ = {
			isa = PBXResourcesBuildPhase;
			buildActionMask = 2147483647;
			files = (
			);
			runOnlyForDeploymentPostprocessing = 0;
		};
/* End PBXResourcesBuildPhase section */

/* Begin PBXSourcesBuildPhase section */
		1027F7A01CEC09B800D6002A /* Sources */ = {
			isa = PBXSourcesBuildPhase;
			buildActionMask = 2147483647;
			files = (
				1027F7AA1CEC09B800D6002A /* ViewController.swift in Sources */,
				1027F7A81CEC09B800D6002A /* AppDelegate.swift in Sources */,
				1027F7D81CEC1A9B00D6002A /* PopViewController.swift in Sources */,
			);
			runOnlyForDeploymentPostprocessing = 0;
		};
		1027F7B41CEC09B800D6002A /* Sources */ = {
			isa = PBXSourcesBuildPhase;
			buildActionMask = 2147483647;
			files = (
				1027F7BD1CEC09B800D6002A /* Day003_SWAlterViewTests.swift in Sources */,
			);
			runOnlyForDeploymentPostprocessing = 0;
		};
		1027F7BF1CEC09B800D6002A /* Sources */ = {
			isa = PBXSourcesBuildPhase;
			buildActionMask = 2147483647;
			files = (
				1027F7C81CEC09B800D6002A /* Day003_SWAlterViewUITests.swift in Sources */,
			);
			runOnlyForDeploymentPostprocessing = 0;
		};
/* End PBXSourcesBuildPhase section */

/* Begin PBXTargetDependency section */
		1027F7BA1CEC09B800D6002A /* PBXTargetDependency */ = {
			isa = PBXTargetDependency;
			target = 1027F7A31CEC09B800D6002A /* Day003-SWAlterView */;
			targetProxy = 1027F7B91CEC09B800D6002A /* PBXContainerItemProxy */;
		};
		1027F7C51CEC09B800D6002A /* PBXTargetDependency */ = {
			isa = PBXTargetDependency;
			target = 1027F7A31CEC09B800D6002A /* Day003-SWAlterView */;
			targetProxy = 1027F7C41CEC09B800D6002A /* PBXContainerItemProxy */;
		};
/* End PBXTargetDependency section */

/* Begin PBXVariantGroup section */
		1027F7AB1CEC09B800D6002A /* Main.storyboard */ = {
			isa = PBXVariantGroup;
			children = (
				1027F7AC1CEC09B800D6002A /* Base */,
			);
			name = Main.storyboard;
			sourceTree = "<group>";
		};
		1027F7B01CEC09B800D6002A /* LaunchScreen.storyboard */ = {
			isa = PBXVariantGroup;
			children = (
				1027F7B11CEC09B800D6002A /* Base */,
			);
			name = LaunchScreen.storyboard;
			sourceTree = "<group>";
		};
/* End PBXVariantGroup section */

/* Begin XCBuildConfiguration section */
		1027F7CA1CEC09B800D6002A /* Debug */ = {
			isa = XCBuildConfiguration;
			buildSettings = {
				ALWAYS_SEARCH_USER_PATHS = NO;
				CLANG_ANALYZER_NONNULL = YES;
				CLANG_CXX_LANGUAGE_STANDARD = "gnu++0x";
				CLANG_CXX_LIBRARY = "libc++";
				CLANG_ENABLE_MODULES = YES;
				CLANG_ENABLE_OBJC_ARC = YES;
				CLANG_WARN_BOOL_CONVERSION = YES;
				CLANG_WARN_CONSTANT_CONVERSION = YES;
				CLANG_WARN_DIRECT_OBJC_ISA_USAGE = YES_ERROR;
				CLANG_WARN_EMPTY_BODY = YES;
				CLANG_WARN_ENUM_CONVERSION = YES;
				CLANG_WARN_INT_CONVERSION = YES;
				CLANG_WARN_OBJC_ROOT_CLASS = YES_ERROR;
				CLANG_WARN_UNREACHABLE_CODE = YES;
				CLANG_WARN__DUPLICATE_METHOD_MATCH = YES;
				"CODE_SIGN_IDENTITY[sdk=iphoneos*]" = "iPhone Developer";
				COPY_PHASE_STRIP = NO;
				DEBUG_INFORMATION_FORMAT = dwarf;
				ENABLE_STRICT_OBJC_MSGSEND = YES;
				ENABLE_TESTABILITY = YES;
				GCC_C_LANGUAGE_STANDARD = gnu99;
				GCC_DYNAMIC_NO_PIC = NO;
				GCC_NO_COMMON_BLOCKS = YES;
				GCC_OPTIMIZATION_LEVEL = 0;
				GCC_PREPROCESSOR_DEFINITIONS = (
					"DEBUG=1",
					"$(inherited)",
				);
				GCC_WARN_64_TO_32_BIT_CONVERSION = YES;
				GCC_WARN_ABOUT_RETURN_TYPE = YES_ERROR;
				GCC_WARN_UNDECLARED_SELECTOR = YES;
				GCC_WARN_UNINITIALIZED_AUTOS = YES_AGGRESSIVE;
				GCC_WARN_UNUSED_FUNCTION = YES;
				GCC_WARN_UNUSED_VARIABLE = YES;
				IPHONEOS_DEPLOYMENT_TARGET = 9.3;
				MTL_ENABLE_DEBUG_INFO = YES;
				ONLY_ACTIVE_ARCH = YES;
				SDKROOT = iphoneos;
				SWIFT_OPTIMIZATION_LEVEL = "-Onone";
				TARGETED_DEVICE_FAMILY = "1,2";
			};
			name = Debug;
		};
		1027F7CB1CEC09B800D6002A /* Release */ = {
			isa = XCBuildConfiguration;
			buildSettings = {
				ALWAYS_SEARCH_USER_PATHS = NO;
				CLANG_ANALYZER_NONNULL = YES;
				CLANG_CXX_LANGUAGE_STANDARD = "gnu++0x";
				CLANG_CXX_LIBRARY = "libc++";
				CLANG_ENABLE_MODULES = YES;
				CLANG_ENABLE_OBJC_ARC = YES;
				CLANG_WARN_BOOL_CONVERSION = YES;
				CLANG_WARN_CONSTANT_CONVERSION = YES;
				CLANG_WARN_DIRECT_OBJC_ISA_USAGE = YES_ERROR;
				CLANG_WARN_EMPTY_BODY = YES;
				CLANG_WARN_ENUM_CONVERSION = YES;
				CLANG_WARN_INT_CONVERSION = YES;
				CLANG_WARN_OBJC_ROOT_CLASS = YES_ERROR;
				CLANG_WARN_UNREACHABLE_CODE = YES;
				CLANG_WARN__DUPLICATE_METHOD_MATCH = YES;
				"CODE_SIGN_IDENTITY[sdk=iphoneos*]" = "iPhone Developer";
				COPY_PHASE_STRIP = NO;
				DEBUG_INFORMATION_FORMAT = "dwarf-with-dsym";
				ENABLE_NS_ASSERTIONS = NO;
				ENABLE_STRICT_OBJC_MSGSEND = YES;
				GCC_C_LANGUAGE_STANDARD = gnu99;
				GCC_NO_COMMON_BLOCKS = YES;
				GCC_WARN_64_TO_32_BIT_CONVERSION = YES;
				GCC_WARN_ABOUT_RETURN_TYPE = YES_ERROR;
				GCC_WARN_UNDECLARED_SELECTOR = YES;
				GCC_WARN_UNINITIALIZED_AUTOS = YES_AGGRESSIVE;
				GCC_WARN_UNUSED_FUNCTION = YES;
				GCC_WARN_UNUSED_VARIABLE = YES;
				IPHONEOS_DEPLOYMENT_TARGET = 9.3;
				MTL_ENABLE_DEBUG_INFO = NO;
				SDKROOT = iphoneos;
				TARGETED_DEVICE_FAMILY = "1,2";
				VALIDATE_PRODUCT = YES;
			};
			name = Release;
		};
		1027F7CD1CEC09B800D6002A /* Debug */ = {
			isa = XCBuildConfiguration;
			buildSettings = {
				ASSETCATALOG_COMPILER_APPICON_NAME = AppIcon;
				INFOPLIST_FILE = "Day003-SWAlterView/Info.plist";
				IPHONEOS_DEPLOYMENT_TARGET = 7.0;
				LD_RUNPATH_SEARCH_PATHS = "$(inherited) @executable_path/Frameworks";
				PRODUCT_BUNDLE_IDENTIFIER = "com.SunSummer.Day003-SWAlterView";
				PRODUCT_NAME = "$(TARGET_NAME)";
				SWIFT_VERSION = 3.0;
				TARGETED_DEVICE_FAMILY = 1;
			};
			name = Debug;
		};
		1027F7CE1CEC09B800D6002A /* Release */ = {
			isa = XCBuildConfiguration;
			buildSettings = {
				ASSETCATALOG_COMPILER_APPICON_NAME = AppIcon;
				INFOPLIST_FILE = "Day003-SWAlterView/Info.plist";
				IPHONEOS_DEPLOYMENT_TARGET = 7.0;
				LD_RUNPATH_SEARCH_PATHS = "$(inherited) @executable_path/Frameworks";
				PRODUCT_BUNDLE_IDENTIFIER = "com.SunSummer.Day003-SWAlterView";
				PRODUCT_NAME = "$(TARGET_NAME)";
				SWIFT_VERSION = 3.0;
				TARGETED_DEVICE_FAMILY = 1;
			};
			name = Release;
		};
		1027F7D01CEC09B800D6002A /* Debug */ = {
			isa = XCBuildConfiguration;
			buildSettings = {
				BUNDLE_LOADER = "$(TEST_HOST)";
				INFOPLIST_FILE = "Day003-SWAlterViewTests/Info.plist";
				LD_RUNPATH_SEARCH_PATHS = "$(inherited) @executable_path/Frameworks @loader_path/Frameworks";
				PRODUCT_BUNDLE_IDENTIFIER = "com.SunSummer.Day003-SWAlterViewTests";
				PRODUCT_NAME = "$(TARGET_NAME)";
				SWIFT_VERSION = 3.0;
				TEST_HOST = "$(BUILT_PRODUCTS_DIR)/Day003-SWAlterView.app/Day003-SWAlterView";
			};
			name = Debug;
		};
		1027F7D11CEC09B800D6002A /* Release */ = {
			isa = XCBuildConfiguration;
			buildSettings = {
				BUNDLE_LOADER = "$(TEST_HOST)";
				INFOPLIST_FILE = "Day003-SWAlterViewTests/Info.plist";
				LD_RUNPATH_SEARCH_PATHS = "$(inherited) @executable_path/Frameworks @loader_path/Frameworks";
				PRODUCT_BUNDLE_IDENTIFIER = "com.SunSummer.Day003-SWAlterViewTests";
				PRODUCT_NAME = "$(TARGET_NAME)";
				SWIFT_VERSION = 3.0;
				TEST_HOST = "$(BUILT_PRODUCTS_DIR)/Day003-SWAlterView.app/Day003-SWAlterView";
			};
			name = Release;
		};
		1027F7D31CEC09B800D6002A /* Debug */ = {
			isa = XCBuildConfiguration;
			buildSettings = {
				INFOPLIST_FILE = "Day003-SWAlterViewUITests/Info.plist";
				LD_RUNPATH_SEARCH_PATHS = "$(inherited) @executable_path/Frameworks @loader_path/Frameworks";
				PRODUCT_BUNDLE_IDENTIFIER = "com.SunSummer.Day003-SWAlterViewUITests";
				PRODUCT_NAME = "$(TARGET_NAME)";
				SWIFT_VERSION = 3.0;
				TEST_TARGET_NAME = "Day003-SWAlterView";
			};
			name = Debug;
		};
		1027F7D41CEC09B800D6002A /* Release */ = {
			isa = XCBuildConfiguration;
			buildSettings = {
				INFOPLIST_FILE = "Day003-SWAlterViewUITests/Info.plist";
				LD_RUNPATH_SEARCH_PATHS = "$(inherited) @executable_path/Frameworks @loader_path/Frameworks";
				PRODUCT_BUNDLE_IDENTIFIER = "com.SunSummer.Day003-SWAlterViewUITests";
				PRODUCT_NAME = "$(TARGET_NAME)";
				SWIFT_VERSION = 3.0;
				TEST_TARGET_NAME = "Day003-SWAlterView";
			};
			name = Release;
		};
/* End XCBuildConfiguration section */

/* Begin XCConfigurationList section */
		1027F79F1CEC09B800D6002A /* Build configuration list for PBXProject "Day003-SWAlterView" */ = {
			isa = XCConfigurationList;
			buildConfigurations = (
				1027F7CA1CEC09B800D6002A /* Debug */,
				1027F7CB1CEC09B800D6002A /* Release */,
			);
			defaultConfigurationIsVisible = 0;
			defaultConfigurationName = Release;
		};
		1027F7CC1CEC09B800D6002A /* Build configuration list for PBXNativeTarget "Day003-SWAlterView" */ = {
			isa = XCConfigurationList;
			buildConfigurations = (
				1027F7CD1CEC09B800D6002A /* Debug */,
				1027F7CE1CEC09B800D6002A /* Release */,
			);
			defaultConfigurationIsVisible = 0;
			defaultConfigurationName = Release;
		};
		1027F7CF1CEC09B800D6002A /* Build configuration list for PBXNativeTarget "Day003-SWAlterViewTests" */ = {
			isa = XCConfigurationList;
			buildConfigurations = (
				1027F7D01CEC09B800D6002A /* Debug */,
				1027F7D11CEC09B800D6002A /* Release */,
			);
			defaultConfigurationIsVisible = 0;
			defaultConfigurationName = Release;
		};
		1027F7D21CEC09B800D6002A /* Build configuration list for PBXNativeTarget "Day003-SWAlterViewUITests" */ = {
			isa = XCConfigurationList;
			buildConfigurations = (
				1027F7D31CEC09B800D6002A /* Debug */,
				1027F7D41CEC09B800D6002A /* Release */,
			);
			defaultConfigurationIsVisible = 0;
			defaultConfigurationName = Release;
		};
/* End XCConfigurationList section */
	};
	rootObject = 1027F79C1CEC09B800D6002A /* Project object */;
}
